
Microsoft Visual Studio Solution File, Format Version 12.00
# Visual Studio Version 17
VisualStudioVersion = 17.6.33815.320
MinimumVisualStudioVersion = 10.0.40219.1
Project("{8BC9CEB8-8B4A-11D0-8D11-00A0C91BC942}") = "Project12", "Project12\Project12.vcxproj", "{7E1CA382-8179-4DEB-BD1F-B7BC23BD9E4A}"
EndProject
Global
	GlobalSection(SolutionConfigurationPlatforms) = preSolution
		Debug|x64 = Debug|x64
		Debug|x86 = Debug|x86
		Release|x64 = Release|x64
		Release|x86 = Release|x86
	EndGlobalSection
	GlobalSection(ProjectConfigurationPlatforms) = postSolution
		{7E1CA382-8179-4DEB-BD1F-B7BC23BD9E4A}.Debug|x64.ActiveCfg = Debug|x64
		{7E1CA382-8179-4DEB-BD1F-B7BC23BD9E4A}.Debug|x64.Build.0 = Debug|x64
		{7E1CA382-8179-4DEB-BD1F-B7BC23BD9E4A}.Debug|x86.ActiveCfg = Debug|Win32
		{7E1CA382-8179-4DEB-BD1F-B7BC23BD9E4A}.Debug|x86.Build.0 = Debug|Win32
		{7E1CA382-8179-4DEB-BD1F-B7BC23BD9E4A}.Release|x64.ActiveCfg = Release|x64
		{7E1CA382-8179-4DEB-BD1F-B7BC23BD9E4A}.Release|x64.Build.0 = Release|x64
		{7E1CA382-8179-4DEB-BD1F-B7BC23BD9E4A}.Release|x86.ActiveCfg = Release|Win32
		{7E1CA382-8179-4DEB-BD1F-B7BC23BD9E4A}.Release|x86.Build.0 = Release|Win32
	EndGlobalSection
	GlobalSection(SolutionProperties) = preSolution
		HideSolutionNode = FALSE
	EndGlobalSection
	GlobalSection(ExtensibilityGlobals) = postSolution
		SolutionGuid = {BD736CAD-A0D8-4CE4-8F24-AC95455E219B}
	EndGlobalSection
EndGlobal
